
Microsoft Visual Studio Solution File, Format Version 12.00
# Visual Studio Version 17
VisualStudioVersion = 17.11.35208.52
MinimumVisualStudioVersion = 10.0.40219.1
Project("{FAE04EC0-301F-11D3-BF4B-00C04F79EFBC}") = "AzureFlexStorage", "AzureFlexStorage\AzureFlexStorage.csproj", "{FD296D01-B075-4D48-B6BB-003E42DA1FAB}"
EndProject
Global
	GlobalSection(SolutionConfigurationPlatforms) = preSolution
		Debug|Any CPU = Debug|Any CPU
		Release|Any CPU = Release|Any CPU
	EndGlobalSection
	GlobalSection(ProjectConfigurationPlatforms) = postSolution
		{FD296D01-B075-4D48-B6BB-003E42DA1FAB}.Debug|Any CPU.ActiveCfg = Debug|Any CPU
		{FD296D01-B075-4D48-B6BB-003E42DA1FAB}.Debug|Any CPU.Build.0 = Debug|Any CPU
		{FD296D01-B075-4D48-B6BB-003E42DA1FAB}.Release|Any CPU.ActiveCfg = Release|Any CPU
		{FD296D01-B075-4D48-B6BB-003E42DA1FAB}.Release|Any CPU.Build.0 = Release|Any CPU
	EndGlobalSection
	GlobalSection(SolutionProperties) = preSolution
		HideSolutionNode = FALSE
	EndGlobalSection
	GlobalSection(ExtensibilityGlobals) = postSolution
		SolutionGuid = {58AA7DE6-91AB-4CB9-B951-472A59331943}
	EndGlobalSection
EndGlobal
